<?xml version="1.0" encoding="utf-8"?>
<Project ToolsVersion="4.0" xmlns="http://schemas.microsoft.com/developer/msbuild/2003">
  <ItemGroup>
    <Filter Include="Source Files">
      <UniqueIdentifier>{4FC737F1-C7A5-4376-A066-2A32D752A2FF}</UniqueIdentifier>
      <Extensions>cpp;c;cc;cxx;def;odl;idl;hpj;bat;asm;asmx</Extensions>
    </Filter>
    <Filter Include="Header Files">
      <UniqueIdentifier>{93995380-89BD-4b04-88EB-625FBE52EBFB}</UniqueIdentifier>
      <Extensions>h;hpp;hxx;hm;inl;inc;xsd</Extensions>
    </Filter>
    <Filter Include="Resource Files">
      <UniqueIdentifier>{67DA6AB6-F800-4c08-8B7A-83BB121AAD01}</UniqueIdentifier>
      <Extensions>rc;ico;cur;bmp;dlg;rc2;rct;bin;rgs;gif;jpg;jpeg;jpe;resx;tiff;tif;png;wav;mfcribbon-ms</Extensions>
    </Filter>
    <Filter Include="Source Files\Entities">
      <UniqueIdentifier>{7de6bd81-0add-4ba2-a205-5d218c514788}</UniqueIdentifier>
    </Filter>
    <Filter Include="Header Files\Entities">
      <UniqueIdentifier>{51dfb07d-6b44-413f-8bec-602be9c1c3c3}</UniqueIdentifier>
    </Filter>
    <Filter Include="Source Files\Renderers">
      <UniqueIdentifier>{96de8cde-40cd-4cd3-8adb-3303b701d1d4}</UniqueIdentifier>
    </Filter>
    <Filter Include="Header Files\Renderers">
      <UniqueIdentifier>{ab2d4fb6-901d-463d-bed9-1dd5533b001b}</UniqueIdentifier>
    </Filter>
    <Filter Include="Header Files\Interfaces">
      <UniqueIdentifier>{dc63385d-5f76-4f53-83fb-d3b28b5c7184}</UniqueIdentifier>
    </Filter>
    <Filter Include="Header Files\GameObjects">
      <UniqueIdentifier>{e7a41cde-d44d-4466-b9a7-f2a345775bd2}</UniqueIdentifier>
    </Filter>
    <Filter Include="Source Files\GameObjects">
      <UniqueIdentifier>{8d49208c-0042-468f-a42d-23ad697389c6}</UniqueIdentifier>
    </Filter>
    <Filter Include="Header Files\Components">
      <UniqueIdentifier>{f0342649-e07f-4bba-988c-7121b1635eae}</UniqueIdentifier>
    </Filter>
    <Filter Include="Source Files\Components">
      <UniqueIdentifier>{fa03fa63-54bf-4c53-9535-d39138127917}</UniqueIdentifier>
    </Filter>
    <Filter Include="Header Files\Factories">
      <UniqueIdentifier>{ab5b28aa-bf9a-4d72-88ad-c21c67e7b79d}</UniqueIdentifier>
    </Filter>
    <Filter Include="Source Files\Factories">
      <UniqueIdentifier>{fb01ded5-be49-46e2-8230-b3f169adf497}</UniqueIdentifier>
    </Filter>
  </ItemGroup>
  <ItemGroup>
    <ClInclude Include="camera.h">
      <Filter>Header Files</Filter>
    </ClInclude>
    <ClInclude Include="gameIO.h">
      <Filter>Header Files</Filter>
    </ClInclude>
    <ClInclude Include="Resource.h">
      <Filter>Header Files</Filter>
    </ClInclude>
    <ClInclude Include="JadeMonkey.h">
      <Filter>Header Files</Filter>
    </ClInclude>
    <ClInclude Include="stdafx.h">
      <Filter>Header Files</Filter>
    </ClInclude>
    <ClInclude Include="targetver.h">
      <Filter>Header Files</Filter>
    </ClInclude>
    <ClInclude Include="IUpdateable.h">
      <Filter>Header Files\Interfaces</Filter>
    </ClInclude>
    <ClInclude Include="IDrawable.h">
      <Filter>Header Files\Interfaces</Filter>
    </ClInclude>
    <ClInclude Include="Game.h">
      <Filter>Header Files</Filter>
    </ClInclude>
    <ClInclude Include="GameComponent.h">
      <Filter>Header Files</Filter>
    </ClInclude>
    <ClInclude Include="DrawableGameComponent.h">
      <Filter>Header Files</Filter>
    </ClInclude>
    <ClInclude Include="JadeMonkeyGame.h">
      <Filter>Header Files</Filter>
    </ClInclude>
    <ClInclude Include="GameEntity.h">
      <Filter>Header Files\Entities</Filter>
    </ClInclude>
    <ClInclude Include="GameMap.h">
      <Filter>Header Files\Entities</Filter>
    </ClInclude>
    <ClInclude Include="ICollideable.h">
      <Filter>Header Files\Interfaces</Filter>
    </ClInclude>
    <ClInclude Include="jade_util.h">
      <Filter>Header Files</Filter>
    </ClInclude>
    <ClInclude Include="meshSurface.h">
      <Filter>Header Files\GameObjects</Filter>
    </ClInclude>
    <ClInclude Include="CameraComponent.h">
      <Filter>Header Files\Components</Filter>
    </ClInclude>
    <ClInclude Include="EntityComponent.h">
      <Filter>Header Files\Components</Filter>
    </ClInclude>
    <ClInclude Include="PlayerFPInputComponent.h">
      <Filter>Header Files\Components</Filter>
    </ClInclude>
    <ClInclude Include="EntityFactory.h">
      <Filter>Header Files\Factories</Filter>
    </ClInclude>
    <ClInclude Include="MainEntityFactory.h">
      <Filter>Header Files\Factories</Filter>
    </ClInclude>
    <ClInclude Include="GameEntitiesContainer.h">
      <Filter>Header Files</Filter>
    </ClInclude>
  </ItemGroup>
  <ItemGroup>
    <ClCompile Include="camera.cpp">
      <Filter>Source Files</Filter>
    </ClCompile>
    <ClCompile Include="gameIO.cpp">
      <Filter>Source Files</Filter>
    </ClCompile>
    <ClCompile Include="JadeMonkey.cpp">
      <Filter>Source Files</Filter>
    </ClCompile>
    <ClCompile Include="stdafx.cpp">
      <Filter>Source Files</Filter>
    </ClCompile>
    <ClCompile Include="Game.cpp">
      <Filter>Source Files</Filter>
    </ClCompile>
    <ClCompile Include="GameComponent.cpp">
      <Filter>Source Files</Filter>
    </ClCompile>
    <ClCompile Include="JadeMonkeyGame.cpp">
      <Filter>Source Files</Filter>
    </ClCompile>
    <ClCompile Include="GameEntity.cpp">
      <Filter>Source Files\Entities</Filter>
    </ClCompile>
    <ClCompile Include="DrawableGameComponent.cpp">
      <Filter>Source Files</Filter>
    </ClCompile>
    <ClCompile Include="meshSurface.cpp">
      <Filter>Source Files\GameObjects</Filter>
    </ClCompile>
    <ClCompile Include="CameraComponent.cpp">
      <Filter>Source Files\Components</Filter>
    </ClCompile>
    <ClCompile Include="EntityComponent.cpp">
      <Filter>Source Files\Components</Filter>
    </ClCompile>
    <ClCompile Include="PlayerFPInputComponent.cpp">
      <Filter>Source Files\Components</Filter>
    </ClCompile>
    <ClCompile Include="MainEntityFactory.cpp">
      <Filter>Source Files\Factories</Filter>
    </ClCompile>
    <ClCompile Include="EntityFactory.cpp">
      <Filter>Source Files\Factories</Filter>
    </ClCompile>
  </ItemGroup>
</Project>